
Microsoft Visual Studio Solution File, Format Version 12.00
# Visual Studio Version 17
VisualStudioVersion = 17.14.36705.20
MinimumVisualStudioVersion = 10.0.40219.1
Project("{FAE04EC0-301F-11D3-BF4B-00C04F79EFBC}") = "ClumsySanta", "ClumsySantaWPF\ClumsySanta.csproj", "{B470EFDF-09BF-4097-9C7F-17E5D64BC3E2}"
EndProject
Global
	GlobalSection(SolutionConfigurationPlatforms) = preSolution
		Debug|Any CPU = Debug|Any CPU
		Release|Any CPU = Release|Any CPU
	EndGlobalSection
	GlobalSection(ProjectConfigurationPlatforms) = postSolution
		{B470EFDF-09BF-4097-9C7F-17E5D64BC3E2}.Debug|Any CPU.ActiveCfg = Debug|Any CPU
		{B470EFDF-09BF-4097-9C7F-17E5D64BC3E2}.Debug|Any CPU.Build.0 = Debug|Any CPU
		{B470EFDF-09BF-4097-9C7F-17E5D64BC3E2}.Release|Any CPU.ActiveCfg = Release|Any CPU
		{B470EFDF-09BF-4097-9C7F-17E5D64BC3E2}.Release|Any CPU.Build.0 = Release|Any CPU
	EndGlobalSection
	GlobalSection(SolutionProperties) = preSolution
		HideSolutionNode = FALSE
	EndGlobalSection
	GlobalSection(ExtensibilityGlobals) = postSolution
		SolutionGuid = {57AB5718-9D22-4035-BD6C-29C34309C60D}
	EndGlobalSection
EndGlobal
